
Microsoft Visual Studio Solution File, Format Version 12.00
# Visual Studio Version 17
VisualStudioVersion = 17.9.34622.214
MinimumVisualStudioVersion = 10.0.40219.1
Project("{9A19103F-16F7-4668-BE54-9A1E7A4F7556}") = "OrdenesInversionAPI", "OrdenesInversionAPI.csproj", "{D690B972-DEE7-44AD-8ABD-2D78CF2DCE51}"
EndProject
Project("{FAE04EC0-301F-11D3-BF4B-00C04F79EFBC}") = "OrdenesInversionAPI.Tests", "..\OrdenesInversionAPI.Tests\OrdenesInversionAPI.Tests.csproj", "{37BFD613-27F9-4793-A5ED-B6F095E34BE6}"
EndProject
Global
	GlobalSection(SolutionConfigurationPlatforms) = preSolution
		Debug|Any CPU = Debug|Any CPU
		Release|Any CPU = Release|Any CPU
	EndGlobalSection
	GlobalSection(ProjectConfigurationPlatforms) = postSolution
		{D690B972-DEE7-44AD-8ABD-2D78CF2DCE51}.Debug|Any CPU.ActiveCfg = Debug|Any CPU
		{D690B972-DEE7-44AD-8ABD-2D78CF2DCE51}.Debug|Any CPU.Build.0 = Debug|Any CPU
		{D690B972-DEE7-44AD-8ABD-2D78CF2DCE51}.Release|Any CPU.ActiveCfg = Release|Any CPU
		{D690B972-DEE7-44AD-8ABD-2D78CF2DCE51}.Release|Any CPU.Build.0 = Release|Any CPU
		{37BFD613-27F9-4793-A5ED-B6F095E34BE6}.Debug|Any CPU.ActiveCfg = Debug|Any CPU
		{37BFD613-27F9-4793-A5ED-B6F095E34BE6}.Debug|Any CPU.Build.0 = Debug|Any CPU
		{37BFD613-27F9-4793-A5ED-B6F095E34BE6}.Release|Any CPU.ActiveCfg = Release|Any CPU
		{37BFD613-27F9-4793-A5ED-B6F095E34BE6}.Release|Any CPU.Build.0 = Release|Any CPU
	EndGlobalSection
	GlobalSection(SolutionProperties) = preSolution
		HideSolutionNode = FALSE
	EndGlobalSection
	GlobalSection(ExtensibilityGlobals) = postSolution
		SolutionGuid = {7E63CB99-45CF-4A7B-9C89-36F004323DAF}
	EndGlobalSection
EndGlobal
